
Microsoft Visual Studio Solution File, Format Version 12.00
# Visual Studio Version 17
VisualStudioVersion = 17.7.34018.315
MinimumVisualStudioVersion = 10.0.40219.1
Project("{9A19103F-16F7-4668-BE54-9A1E7A4F7556}") = "Grupo7_Pizarra_SignalR", "Ejemplo_Pizarra_Propio_SignalR\Grupo7_Pizarra_SignalR.csproj", "{897EA502-7592-4E25-ABEF-316D844A53AF}"
EndProject
Project("{9A19103F-16F7-4668-BE54-9A1E7A4F7556}") = "Grupo7_Pizarra_SignalR.Job", "Grupo7_Pizarra_SignalR.Job\Grupo7_Pizarra_SignalR.Job.csproj", "{3428E48E-7F14-4870-84BB-2EE565095FBC}"
EndProject
Project("{FAE04EC0-301F-11D3-BF4B-00C04F79EFBC}") = "Grupo7_Pizarra_SignalR_Data", "Grupo7_Pizarra_SignalR_Data\Grupo7_Pizarra_SignalR_Data.csproj", "{7D405E19-FA84-441C-948F-7EEBBBE54B7D}"
EndProject
Project("{FAE04EC0-301F-11D3-BF4B-00C04F79EFBC}") = "Grupo7_Pizarra_SignalR_Servicios", "Grupo7_Pizarra_SignalR_Servicios\Grupo7_Pizarra_SignalR_Servicios.csproj", "{E7448620-1191-4EEC-A68A-A9597D89DBA8}"
EndProject
Global
	GlobalSection(SolutionConfigurationPlatforms) = preSolution
		Debug|Any CPU = Debug|Any CPU
		Release|Any CPU = Release|Any CPU
	EndGlobalSection
	GlobalSection(ProjectConfigurationPlatforms) = postSolution
		{897EA502-7592-4E25-ABEF-316D844A53AF}.Debug|Any CPU.ActiveCfg = Debug|Any CPU
		{897EA502-7592-4E25-ABEF-316D844A53AF}.Debug|Any CPU.Build.0 = Debug|Any CPU
		{897EA502-7592-4E25-ABEF-316D844A53AF}.Release|Any CPU.ActiveCfg = Release|Any CPU
		{897EA502-7592-4E25-ABEF-316D844A53AF}.Release|Any CPU.Build.0 = Release|Any CPU
		{3428E48E-7F14-4870-84BB-2EE565095FBC}.Debug|Any CPU.ActiveCfg = Debug|Any CPU
		{3428E48E-7F14-4870-84BB-2EE565095FBC}.Debug|Any CPU.Build.0 = Debug|Any CPU
		{3428E48E-7F14-4870-84BB-2EE565095FBC}.Release|Any CPU.ActiveCfg = Release|Any CPU
		{3428E48E-7F14-4870-84BB-2EE565095FBC}.Release|Any CPU.Build.0 = Release|Any CPU
		{7D405E19-FA84-441C-948F-7EEBBBE54B7D}.Debug|Any CPU.ActiveCfg = Debug|Any CPU
		{7D405E19-FA84-441C-948F-7EEBBBE54B7D}.Debug|Any CPU.Build.0 = Debug|Any CPU
		{7D405E19-FA84-441C-948F-7EEBBBE54B7D}.Release|Any CPU.ActiveCfg = Release|Any CPU
		{7D405E19-FA84-441C-948F-7EEBBBE54B7D}.Release|Any CPU.Build.0 = Release|Any CPU
		{E7448620-1191-4EEC-A68A-A9597D89DBA8}.Debug|Any CPU.ActiveCfg = Debug|Any CPU
		{E7448620-1191-4EEC-A68A-A9597D89DBA8}.Debug|Any CPU.Build.0 = Debug|Any CPU
		{E7448620-1191-4EEC-A68A-A9597D89DBA8}.Release|Any CPU.ActiveCfg = Release|Any CPU
		{E7448620-1191-4EEC-A68A-A9597D89DBA8}.Release|Any CPU.Build.0 = Release|Any CPU
	EndGlobalSection
	GlobalSection(SolutionProperties) = preSolution
		HideSolutionNode = FALSE
	EndGlobalSection
	GlobalSection(ExtensibilityGlobals) = postSolution
		SolutionGuid = {BC5099BE-BE5B-4371-B08E-21C34030AA84}
	EndGlobalSection
EndGlobal
