
Microsoft Visual Studio Solution File, Format Version 12.00
# Visual Studio Version 17
VisualStudioVersion = 17.9.34723.18
MinimumVisualStudioVersion = 10.0.40219.1
Project("{FAE04EC0-301F-11D3-BF4B-00C04F79EFBC}") = "Pizarra_SignalR", "Pizarra_SignalR\Pizarra_SignalR.csproj", "{D4E3FA9F-0E24-4F53-85AF-6846E05DEA54}"
EndProject
Project("{FAE04EC0-301F-11D3-BF4B-00C04F79EFBC}") = "Pizarra_SignalR_Service", "Pizarra_SignalR_Service\Pizarra_SignalR_Service.csproj", "{D5AB4D5E-E6CA-45F1-A5D9-53E2366ECB3F}"
EndProject
Project("{FAE04EC0-301F-11D3-BF4B-00C04F79EFBC}") = "Pizarra_SignalR_Data", "Pizarra_SignalR_Data\Pizarra_SignalR_Data.csproj", "{7BB6E13B-CC04-43FE-B36B-1FF1416AED40}"
EndProject
Global
	GlobalSection(SolutionConfigurationPlatforms) = preSolution
		Debug|Any CPU = Debug|Any CPU
		Release|Any CPU = Release|Any CPU
	EndGlobalSection
	GlobalSection(ProjectConfigurationPlatforms) = postSolution
		{D4E3FA9F-0E24-4F53-85AF-6846E05DEA54}.Debug|Any CPU.ActiveCfg = Debug|Any CPU
		{D4E3FA9F-0E24-4F53-85AF-6846E05DEA54}.Debug|Any CPU.Build.0 = Debug|Any CPU
		{D4E3FA9F-0E24-4F53-85AF-6846E05DEA54}.Release|Any CPU.ActiveCfg = Release|Any CPU
		{D4E3FA9F-0E24-4F53-85AF-6846E05DEA54}.Release|Any CPU.Build.0 = Release|Any CPU
		{D5AB4D5E-E6CA-45F1-A5D9-53E2366ECB3F}.Debug|Any CPU.ActiveCfg = Debug|Any CPU
		{D5AB4D5E-E6CA-45F1-A5D9-53E2366ECB3F}.Debug|Any CPU.Build.0 = Debug|Any CPU
		{D5AB4D5E-E6CA-45F1-A5D9-53E2366ECB3F}.Release|Any CPU.ActiveCfg = Release|Any CPU
		{D5AB4D5E-E6CA-45F1-A5D9-53E2366ECB3F}.Release|Any CPU.Build.0 = Release|Any CPU
		{7BB6E13B-CC04-43FE-B36B-1FF1416AED40}.Debug|Any CPU.ActiveCfg = Debug|Any CPU
		{7BB6E13B-CC04-43FE-B36B-1FF1416AED40}.Debug|Any CPU.Build.0 = Debug|Any CPU
		{7BB6E13B-CC04-43FE-B36B-1FF1416AED40}.Release|Any CPU.ActiveCfg = Release|Any CPU
		{7BB6E13B-CC04-43FE-B36B-1FF1416AED40}.Release|Any CPU.Build.0 = Release|Any CPU
	EndGlobalSection
	GlobalSection(SolutionProperties) = preSolution
		HideSolutionNode = FALSE
	EndGlobalSection
	GlobalSection(ExtensibilityGlobals) = postSolution
		SolutionGuid = {19991E99-66BC-4344-A7B4-CE4732D44B93}
	EndGlobalSection
EndGlobal
